
Microsoft Visual Studio Solution File, Format Version 11.00
# Visual Studio 2010
Project("{FAE04EC0-301F-11D3-BF4B-00C04F79EFBC}") = "BarChart.iOS.Sample-classic", "BarChart.iOS.Sample-classic.csproj", "{1AF7132C-AB4C-48EC-9447-59288DF37EBA}"
EndProject
Global
	GlobalSection(SolutionConfigurationPlatforms) = preSolution
		Debug|iPhoneSimulator = Debug|iPhoneSimulator
		Release|iPhoneSimulator = Release|iPhoneSimulator
		Debug|iPhone = Debug|iPhone
		Release|iPhone = Release|iPhone
	EndGlobalSection
	GlobalSection(ProjectConfigurationPlatforms) = postSolution
		{1AF7132C-AB4C-48EC-9447-59288DF37EBA}.Debug|iPhone.ActiveCfg = Debug|iPhone
		{1AF7132C-AB4C-48EC-9447-59288DF37EBA}.Debug|iPhone.Build.0 = Debug|iPhone
		{1AF7132C-AB4C-48EC-9447-59288DF37EBA}.Debug|iPhoneSimulator.ActiveCfg = Debug|iPhoneSimulator
		{1AF7132C-AB4C-48EC-9447-59288DF37EBA}.Debug|iPhoneSimulator.Build.0 = Debug|iPhoneSimulator
		{1AF7132C-AB4C-48EC-9447-59288DF37EBA}.Release|iPhone.ActiveCfg = Release|iPhone
		{1AF7132C-AB4C-48EC-9447-59288DF37EBA}.Release|iPhone.Build.0 = Release|iPhone
		{1AF7132C-AB4C-48EC-9447-59288DF37EBA}.Release|iPhoneSimulator.ActiveCfg = Release|iPhoneSimulator
		{1AF7132C-AB4C-48EC-9447-59288DF37EBA}.Release|iPhoneSimulator.Build.0 = Release|iPhoneSimulator
		{DB481930-2BC3-4D25-86A4-94476667C79A}.Debug|iPhone.ActiveCfg = Debug|Any CPU
		{DB481930-2BC3-4D25-86A4-94476667C79A}.Debug|iPhone.Build.0 = Debug|Any CPU
		{DB481930-2BC3-4D25-86A4-94476667C79A}.Debug|iPhoneSimulator.ActiveCfg = Debug|Any CPU
		{DB481930-2BC3-4D25-86A4-94476667C79A}.Debug|iPhoneSimulator.Build.0 = Debug|Any CPU
		{DB481930-2BC3-4D25-86A4-94476667C79A}.Release|iPhone.ActiveCfg = Release|Any CPU
		{DB481930-2BC3-4D25-86A4-94476667C79A}.Release|iPhone.Build.0 = Release|Any CPU
		{DB481930-2BC3-4D25-86A4-94476667C79A}.Release|iPhoneSimulator.ActiveCfg = Release|Any CPU
		{DB481930-2BC3-4D25-86A4-94476667C79A}.Release|iPhoneSimulator.Build.0 = Release|Any CPU
	EndGlobalSection
	GlobalSection(MonoDevelopProperties) = preSolution
		StartupItem = BarChart.iOS.Sample-classic.csproj
	EndGlobalSection
EndGlobal
